// !$*UTF8*$!
{
	archiveVersion = 1;
	classes = {
	};
	objectVersion = 56;
	objects = {

/* Begin PBXBuildFile section */
		0A02F9EA2C454194006F1098 /* WeatherRow.swift in Sources */ = {isa = PBXBuildFile; fileRef = 0A02F9E92C454194006F1098 /* WeatherRow.swift */; };
		0A9D4BD52C37272F0046FADD /* WeatherDemoApp.swift in Sources */ = {isa = PBXBuildFile; fileRef = 0A9D4BD42C37272F0046FADD /* WeatherDemoApp.swift */; };
		0A9D4BD72C37272F0046FADD /* ContentView.swift in Sources */ = {isa = PBXBuildFile; fileRef = 0A9D4BD62C37272F0046FADD /* ContentView.swift */; };
		0A9D4BD92C3727320046FADD /* Assets.xcassets in Resources */ = {isa = PBXBuildFile; fileRef = 0A9D4BD82C3727320046FADD /* Assets.xcassets */; };
		0A9D4BDC2C3727320046FADD /* Preview Assets.xcassets in Resources */ = {isa = PBXBuildFile; fileRef = 0A9D4BDB2C3727320046FADD /* Preview Assets.xcassets */; };
		0A9D4BE42C37288D0046FADD /* LocationManager.swift in Sources */ = {isa = PBXBuildFile; fileRef = 0A9D4BE32C37288D0046FADD /* LocationManager.swift */; };
		0A9D4BE72C372A110046FADD /* WelcomeView.swift in Sources */ = {isa = PBXBuildFile; fileRef = 0A9D4BE62C372A110046FADD /* WelcomeView.swift */; };
		0A9D4BE92C372E560046FADD /* LoadingView.swift in Sources */ = {isa = PBXBuildFile; fileRef = 0A9D4BE82C372E560046FADD /* LoadingView.swift */; };
		0A9D4BEB2C3731C10046FADD /* WeatherManager.swift in Sources */ = {isa = PBXBuildFile; fileRef = 0A9D4BEA2C3731C10046FADD /* WeatherManager.swift */; };
		0A9D4BED2C37370D0046FADD /* WeatherView.swift in Sources */ = {isa = PBXBuildFile; fileRef = 0A9D4BEC2C37370C0046FADD /* WeatherView.swift */; };
		0A9D4BEF2C3737E00046FADD /* weatherData.json in Resources */ = {isa = PBXBuildFile; fileRef = 0A9D4BEE2C3737E00046FADD /* weatherData.json */; };
		0A9D4BF12C37385C0046FADD /* ModelData.swift in Sources */ = {isa = PBXBuildFile; fileRef = 0A9D4BF02C37385C0046FADD /* ModelData.swift */; };
		0A9D4BF32C3739390046FADD /* Extensions.swift in Sources */ = {isa = PBXBuildFile; fileRef = 0A9D4BF22C3739390046FADD /* Extensions.swift */; };
/* End PBXBuildFile section */

/* Begin PBXFileReference section */
		0A02F9E92C454194006F1098 /* WeatherRow.swift */ = {isa = PBXFileReference; lastKnownFileType = sourcecode.swift; path = WeatherRow.swift; sourceTree = "<group>"; };
		0A9D4BD12C37272F0046FADD /* WeatherDemo.app */ = {isa = PBXFileReference; explicitFileType = wrapper.application; includeInIndex = 0; path = WeatherDemo.app; sourceTree = BUILT_PRODUCTS_DIR; };
		0A9D4BD42C37272F0046FADD /* WeatherDemoApp.swift */ = {isa = PBXFileReference; lastKnownFileType = sourcecode.swift; path = WeatherDemoApp.swift; sourceTree = "<group>"; };
		0A9D4BD62C37272F0046FADD /* ContentView.swift */ = {isa = PBXFileReference; lastKnownFileType = sourcecode.swift; path = ContentView.swift; sourceTree = "<group>"; };
		0A9D4BD82C3727320046FADD /* Assets.xcassets */ = {isa = PBXFileReference; lastKnownFileType = folder.assetcatalog; path = Assets.xcassets; sourceTree = "<group>"; };
		0A9D4BDB2C3727320046FADD /* Preview Assets.xcassets */ = {isa = PBXFileReference; lastKnownFileType = folder.assetcatalog; path = "Preview Assets.xcassets"; sourceTree = "<group>"; };
		0A9D4BE32C37288D0046FADD /* LocationManager.swift */ = {isa = PBXFileReference; lastKnownFileType = sourcecode.swift; path = LocationManager.swift; sourceTree = "<group>"; };
		0A9D4BE62C372A110046FADD /* WelcomeView.swift */ = {isa = PBXFileReference; lastKnownFileType = sourcecode.swift; path = WelcomeView.swift; sourceTree = "<group>"; };
		0A9D4BE82C372E560046FADD /* LoadingView.swift */ = {isa = PBXFileReference; lastKnownFileType = sourcecode.swift; path = LoadingView.swift; sourceTree = "<group>"; };
		0A9D4BEA2C3731C10046FADD /* WeatherManager.swift */ = {isa = PBXFileReference; lastKnownFileType = sourcecode.swift; path = WeatherManager.swift; sourceTree = "<group>"; };
		0A9D4BEC2C37370C0046FADD /* WeatherView.swift */ = {isa = PBXFileReference; lastKnownFileType = sourcecode.swift; path = WeatherView.swift; sourceTree = "<group>"; };
		0A9D4BEE2C3737E00046FADD /* weatherData.json */ = {isa = PBXFileReference; lastKnownFileType = text.json; path = weatherData.json; sourceTree = "<group>"; };
		0A9D4BF02C37385C0046FADD /* ModelData.swift */ = {isa = PBXFileReference; lastKnownFileType = sourcecode.swift; path = ModelData.swift; sourceTree = "<group>"; };
		0A9D4BF22C3739390046FADD /* Extensions.swift */ = {isa = PBXFileReference; lastKnownFileType = sourcecode.swift; path = Extensions.swift; sourceTree = "<group>"; };
/* End PBXFileReference section */

/* Begin PBXFrameworksBuildPhase section */
		0A9D4BCE2C37272F0046FADD /* Frameworks */ = {
			isa = PBXFrameworksBuildPhase;
			buildActionMask = 2147483647;
			files = (
			);
			runOnlyForDeploymentPostprocessing = 0;
		};
/* End PBXFrameworksBuildPhase section */

/* Begin PBXGroup section */
		0A02F9E82C454180006F1098 /* Components */ = {
			isa = PBXGroup;
			children = (
				0A02F9E92C454194006F1098 /* WeatherRow.swift */,
			);
			path = Components;
			sourceTree = "<group>";
		};
		0A9D4BC82C37272F0046FADD = {
			isa = PBXGroup;
			children = (
				0A9D4BD32C37272F0046FADD /* WeatherDemo */,
				0A9D4BD22C37272F0046FADD /* Products */,
			);
			sourceTree = "<group>";
		};
		0A9D4BD22C37272F0046FADD /* Products */ = {
			isa = PBXGroup;
			children = (
				0A9D4BD12C37272F0046FADD /* WeatherDemo.app */,
			);
			name = Products;
			sourceTree = "<group>";
		};
		0A9D4BD32C37272F0046FADD /* WeatherDemo */ = {
			isa = PBXGroup;
			children = (
				0A02F9E82C454180006F1098 /* Components */,
				0A9D4BE52C3729B90046FADD /* Views */,
				0A9D4BE22C3728790046FADD /* Managers */,
				0A9D4BF22C3739390046FADD /* Extensions.swift */,
				0A9D4BD42C37272F0046FADD /* WeatherDemoApp.swift */,
				0A9D4BD82C3727320046FADD /* Assets.xcassets */,
				0A9D4BDA2C3727320046FADD /* Preview Content */,
			);
			path = WeatherDemo;
			sourceTree = "<group>";
		};
		0A9D4BDA2C3727320046FADD /* Preview Content */ = {
			isa = PBXGroup;
			children = (
				0A9D4BDB2C3727320046FADD /* Preview Assets.xcassets */,
				0A9D4BEE2C3737E00046FADD /* weatherData.json */,
				0A9D4BF02C37385C0046FADD /* ModelData.swift */,
			);
			path = "Preview Content";
			sourceTree = "<group>";
		};
		0A9D4BE22C3728790046FADD /* Managers */ = {
			isa = PBXGroup;
			children = (
				0A9D4BE32C37288D0046FADD /* LocationManager.swift */,
				0A9D4BEA2C3731C10046FADD /* WeatherManager.swift */,
			);
			path = Managers;
			sourceTree = "<group>";
		};
		0A9D4BE52C3729B90046FADD /* Views */ = {
			isa = PBXGroup;
			children = (
				0A9D4BD62C37272F0046FADD /* ContentView.swift */,
				0A9D4BE62C372A110046FADD /* WelcomeView.swift */,
				0A9D4BE82C372E560046FADD /* LoadingView.swift */,
				0A9D4BEC2C37370C0046FADD /* WeatherView.swift */,
			);
			path = Views;
			sourceTree = "<group>";
		};
/* End PBXGroup section */

/* Begin PBXNativeTarget section */
		0A9D4BD02C37272F0046FADD /* WeatherDemo */ = {
			isa = PBXNativeTarget;
			buildConfigurationList = 0A9D4BDF2C3727320046FADD /* Build configuration list for PBXNativeTarget "WeatherDemo" */;
			buildPhases = (
				0A9D4BCD2C37272F0046FADD /* Sources */,
				0A9D4BCE2C37272F0046FADD /* Frameworks */,
				0A9D4BCF2C37272F0046FADD /* Resources */,
			);
			buildRules = (
			);
			dependencies = (
			);
			name = WeatherDemo;
			productName = WeatherDemo;
			productReference = 0A9D4BD12C37272F0046FADD /* WeatherDemo.app */;
			productType = "com.apple.product-type.application";
		};
/* End PBXNativeTarget section */

/* Begin PBXProject section */
		0A9D4BC92C37272F0046FADD /* Project object */ = {
			isa = PBXProject;
			attributes = {
				BuildIndependentTargetsInParallel = 1;
				LastSwiftUpdateCheck = 1520;
				LastUpgradeCheck = 1520;
				TargetAttributes = {
					0A9D4BD02C37272F0046FADD = {
						CreatedOnToolsVersion = 15.2;
					};
				};
			};
			buildConfigurationList = 0A9D4BCC2C37272F0046FADD /* Build configuration list for PBXProject "Hava Drumu" */;
			compatibilityVersion = "Xcode 14.0";
			developmentRegion = en;
			hasScannedForEncodings = 0;
			knownRegions = (
				en,
				Base,
			);
			mainGroup = 0A9D4BC82C37272F0046FADD;
			productRefGroup = 0A9D4BD22C37272F0046FADD /* Products */;
			projectDirPath = "";
			projectRoot = "";
			targets = (
				0A9D4BD02C37272F0046FADD /* WeatherDemo */,
			);
		};
/* End PBXProject section */

/* Begin PBXResourcesBuildPhase section */
		0A9D4BCF2C37272F0046FADD /* Resources */ = {
			isa = PBXResourcesBuildPhase;
			buildActionMask = 2147483647;
			files = (
				0A9D4BDC2C3727320046FADD /* Preview Assets.xcassets in Resources */,
				0A9D4BEF2C3737E00046FADD /* weatherData.json in Resources */,
				0A9D4BD92C3727320046FADD /* Assets.xcassets in Resources */,
			);
			runOnlyForDeploymentPostprocessing = 0;
		};
/* End PBXResourcesBuildPhase section */

/* Begin PBXSourcesBuildPhase section */
		0A9D4BCD2C37272F0046FADD /* Sources */ = {
			isa = PBXSourcesBuildPhase;
			buildActionMask = 2147483647;
			files = (
				0A9D4BEB2C3731C10046FADD /* WeatherManager.swift in Sources */,
				0A9D4BF32C3739390046FADD /* Extensions.swift in Sources */,
				0A9D4BD72C37272F0046FADD /* ContentView.swift in Sources */,
				0A9D4BD52C37272F0046FADD /* WeatherDemoApp.swift in Sources */,
				0A9D4BE42C37288D0046FADD /* LocationManager.swift in Sources */,
				0A02F9EA2C454194006F1098 /* WeatherRow.swift in Sources */,
				0A9D4BE92C372E560046FADD /* LoadingView.swift in Sources */,
				0A9D4BF12C37385C0046FADD /* ModelData.swift in Sources */,
				0A9D4BED2C37370D0046FADD /* WeatherView.swift in Sources */,
				0A9D4BE72C372A110046FADD /* WelcomeView.swift in Sources */,
			);
			runOnlyForDeploymentPostprocessing = 0;
		};
/* End PBXSourcesBuildPhase section */

/* Begin XCBuildConfiguration section */
		0A9D4BDD2C3727320046FADD /* Debug */ = {
			isa = XCBuildConfiguration;
			buildSettings = {
				ALWAYS_SEARCH_USER_PATHS = NO;
				ASSETCATALOG_COMPILER_GENERATE_SWIFT_ASSET_SYMBOL_EXTENSIONS = YES;
				CLANG_ANALYZER_NONNULL = YES;
				CLANG_ANALYZER_NUMBER_OBJECT_CONVERSION = YES_AGGRESSIVE;
				CLANG_CXX_LANGUAGE_STANDARD = "gnu++20";
				CLANG_ENABLE_MODULES = YES;
				CLANG_ENABLE_OBJC_ARC = YES;
				CLANG_ENABLE_OBJC_WEAK = YES;
				CLANG_WARN_BLOCK_CAPTURE_AUTORELEASING = YES;
				CLANG_WARN_BOOL_CONVERSION = YES;
				CLANG_WARN_COMMA = YES;
				CLANG_WARN_CONSTANT_CONVERSION = YES;
				CLANG_WARN_DEPRECATED_OBJC_IMPLEMENTATIONS = YES;
				CLANG_WARN_DIRECT_OBJC_ISA_USAGE = YES_ERROR;
				CLANG_WARN_DOCUMENTATION_COMMENTS = YES;
				CLANG_WARN_EMPTY_BODY = YES;
				CLANG_WARN_ENUM_CONVERSION = YES;
				CLANG_WARN_INFINITE_RECURSION = YES;
				CLANG_WARN_INT_CONVERSION = YES;
				CLANG_WARN_NON_LITERAL_NULL_CONVERSION = YES;
				CLANG_WARN_OBJC_IMPLICIT_RETAIN_SELF = YES;
				CLANG_WARN_OBJC_LITERAL_CONVERSION = YES;
				CLANG_WARN_OBJC_ROOT_CLASS = YES_ERROR;
				CLANG_WARN_QUOTED_INCLUDE_IN_FRAMEWORK_HEADER = YES;
				CLANG_WARN_RANGE_LOOP_ANALYSIS = YES;
				CLANG_WARN_STRICT_PROTOTYPES = YES;
				CLANG_WARN_SUSPICIOUS_MOVE = YES;
				CLANG_WARN_UNGUARDED_AVAILABILITY = YES_AGGRESSIVE;
				CLANG_WARN_UNREACHABLE_CODE = YES;
				CLANG_WARN__DUPLICATE_METHOD_MATCH = YES;
				COPY_PHASE_STRIP = NO;
				DEBUG_INFORMATION_FORMAT = dwarf;
				ENABLE_STRICT_OBJC_MSGSEND = YES;
				ENABLE_TESTABILITY = YES;
				ENABLE_USER_SCRIPT_SANDBOXING = YES;
				GCC_C_LANGUAGE_STANDARD = gnu17;
				GCC_DYNAMIC_NO_PIC = NO;
				GCC_NO_COMMON_BLOCKS = YES;
				GCC_OPTIMIZATION_LEVEL = 0;
				GCC_PREPROCESSOR_DEFINITIONS = (
					"DEBUG=1",
					"$(inherited)",
				);
				GCC_WARN_64_TO_32_BIT_CONVERSION = YES;
				GCC_WARN_ABOUT_RETURN_TYPE = YES_ERROR;
				GCC_WARN_UNDECLARED_SELECTOR = YES;
				GCC_WARN_UNINITIALIZED_AUTOS = YES_AGGRESSIVE;
				GCC_WARN_UNUSED_FUNCTION = YES;
				GCC_WARN_UNUSED_VARIABLE = YES;
				IPHONEOS_DEPLOYMENT_TARGET = 17.2;
				LOCALIZATION_PREFERS_STRING_CATALOGS = YES;
				MTL_ENABLE_DEBUG_INFO = INCLUDE_SOURCE;
				MTL_FAST_MATH = YES;
				ONLY_ACTIVE_ARCH = YES;
				SDKROOT = iphoneos;
				SWIFT_ACTIVE_COMPILATION_CONDITIONS = "DEBUG $(inherited)";
				SWIFT_OPTIMIZATION_LEVEL = "-Onone";
			};
			name = Debug;
		};
		0A9D4BDE2C3727320046FADD /* Release */ = {
			isa = XCBuildConfiguration;
			buildSettings = {
				ALWAYS_SEARCH_USER_PATHS = NO;
				ASSETCATALOG_COMPILER_GENERATE_SWIFT_ASSET_SYMBOL_EXTENSIONS = YES;
				CLANG_ANALYZER_NONNULL = YES;
				CLANG_ANALYZER_NUMBER_OBJECT_CONVERSION = YES_AGGRESSIVE;
				CLANG_CXX_LANGUAGE_STANDARD = "gnu++20";
				CLANG_ENABLE_MODULES = YES;
				CLANG_ENABLE_OBJC_ARC = YES;
				CLANG_ENABLE_OBJC_WEAK = YES;
				CLANG_WARN_BLOCK_CAPTURE_AUTORELEASING = YES;
				CLANG_WARN_BOOL_CONVERSION = YES;
				CLANG_WARN_COMMA = YES;
				CLANG_WARN_CONSTANT_CONVERSION = YES;
				CLANG_WARN_DEPRECATED_OBJC_IMPLEMENTATIONS = YES;
				CLANG_WARN_DIRECT_OBJC_ISA_USAGE = YES_ERROR;
				CLANG_WARN_DOCUMENTATION_COMMENTS = YES;
				CLANG_WARN_EMPTY_BODY = YES;
				CLANG_WARN_ENUM_CONVERSION = YES;
				CLANG_WARN_INFINITE_RECURSION = YES;
				CLANG_WARN_INT_CONVERSION = YES;
				CLANG_WARN_NON_LITERAL_NULL_CONVERSION = YES;
				CLANG_WARN_OBJC_IMPLICIT_RETAIN_SELF = YES;
				CLANG_WARN_OBJC_LITERAL_CONVERSION = YES;
				CLANG_WARN_OBJC_ROOT_CLASS = YES_ERROR;
				CLANG_WARN_QUOTED_INCLUDE_IN_FRAMEWORK_HEADER = YES;
				CLANG_WARN_RANGE_LOOP_ANALYSIS = YES;
				CLANG_WARN_STRICT_PROTOTYPES = YES;
				CLANG_WARN_SUSPICIOUS_MOVE = YES;
				CLANG_WARN_UNGUARDED_AVAILABILITY = YES_AGGRESSIVE;
				CLANG_WARN_UNREACHABLE_CODE = YES;
				CLANG_WARN__DUPLICATE_METHOD_MATCH = YES;
				COPY_PHASE_STRIP = NO;
				DEBUG_INFORMATION_FORMAT = "dwarf-with-dsym";
				ENABLE_NS_ASSERTIONS = NO;
				ENABLE_STRICT_OBJC_MSGSEND = YES;
				ENABLE_USER_SCRIPT_SANDBOXING = YES;
				GCC_C_LANGUAGE_STANDARD = gnu17;
				GCC_NO_COMMON_BLOCKS = YES;
				GCC_WARN_64_TO_32_BIT_CONVERSION = YES;
				GCC_WARN_ABOUT_RETURN_TYPE = YES_ERROR;
				GCC_WARN_UNDECLARED_SELECTOR = YES;
				GCC_WARN_UNINITIALIZED_AUTOS = YES_AGGRESSIVE;
				GCC_WARN_UNUSED_FUNCTION = YES;
				GCC_WARN_UNUSED_VARIABLE = YES;
				IPHONEOS_DEPLOYMENT_TARGET = 17.2;
				LOCALIZATION_PREFERS_STRING_CATALOGS = YES;
				MTL_ENABLE_DEBUG_INFO = NO;
				MTL_FAST_MATH = YES;
				SDKROOT = iphoneos;
				SWIFT_COMPILATION_MODE = wholemodule;
				VALIDATE_PRODUCT = YES;
			};
			name = Release;
		};
		0A9D4BE02C3727320046FADD /* Debug */ = {
			isa = XCBuildConfiguration;
			buildSettings = {
				ASSETCATALOG_COMPILER_APPICON_NAME = AppIcon;
				ASSETCATALOG_COMPILER_GLOBAL_ACCENT_COLOR_NAME = AccentColor;
				CODE_SIGN_STYLE = Automatic;
				CURRENT_PROJECT_VERSION = 1;
				DEVELOPMENT_ASSET_PATHS = "\"WeatherDemo/Preview Content\"";
				DEVELOPMENT_TEAM = YP367N62QD;
				ENABLE_PREVIEWS = YES;
				GENERATE_INFOPLIST_FILE = YES;
				INFOPLIST_KEY_UIApplicationSceneManifest_Generation = YES;
				INFOPLIST_KEY_UIApplicationSupportsIndirectInputEvents = YES;
				INFOPLIST_KEY_UILaunchScreen_Generation = YES;
				INFOPLIST_KEY_UISupportedInterfaceOrientations_iPad = "UIInterfaceOrientationPortrait UIInterfaceOrientationPortraitUpsideDown UIInterfaceOrientationLandscapeLeft UIInterfaceOrientationLandscapeRight";
				INFOPLIST_KEY_UISupportedInterfaceOrientations_iPhone = "UIInterfaceOrientationPortrait UIInterfaceOrientationLandscapeLeft UIInterfaceOrientationLandscapeRight";
				LD_RUNPATH_SEARCH_PATHS = (
					"$(inherited)",
					"@executable_path/Frameworks",
				);
				MARKETING_VERSION = 1.0;
				PRODUCT_BUNDLE_IDENTIFIER = projects.WeatherDemo;
				PRODUCT_NAME = "$(TARGET_NAME)";
				SWIFT_EMIT_LOC_STRINGS = YES;
				SWIFT_VERSION = 5.0;
				TARGETED_DEVICE_FAMILY = "1,2";
			};
			name = Debug;
		};
		0A9D4BE12C3727320046FADD /* Release */ = {
			isa = XCBuildConfiguration;
			buildSettings = {
				ASSETCATALOG_COMPILER_APPICON_NAME = AppIcon;
				ASSETCATALOG_COMPILER_GLOBAL_ACCENT_COLOR_NAME = AccentColor;
				CODE_SIGN_STYLE = Automatic;
				CURRENT_PROJECT_VERSION = 1;
				DEVELOPMENT_ASSET_PATHS = "\"WeatherDemo/Preview Content\"";
				DEVELOPMENT_TEAM = YP367N62QD;
				ENABLE_PREVIEWS = YES;
				GENERATE_INFOPLIST_FILE = YES;
				INFOPLIST_KEY_UIApplicationSceneManifest_Generation = YES;
				INFOPLIST_KEY_UIApplicationSupportsIndirectInputEvents = YES;
				INFOPLIST_KEY_UILaunchScreen_Generation = YES;
				INFOPLIST_KEY_UISupportedInterfaceOrientations_iPad = "UIInterfaceOrientationPortrait UIInterfaceOrientationPortraitUpsideDown UIInterfaceOrientationLandscapeLeft UIInterfaceOrientationLandscapeRight";
				INFOPLIST_KEY_UISupportedInterfaceOrientations_iPhone = "UIInterfaceOrientationPortrait UIInterfaceOrientationLandscapeLeft UIInterfaceOrientationLandscapeRight";
				LD_RUNPATH_SEARCH_PATHS = (
					"$(inherited)",
					"@executable_path/Frameworks",
				);
				MARKETING_VERSION = 1.0;
				PRODUCT_BUNDLE_IDENTIFIER = projects.WeatherDemo;
				PRODUCT_NAME = "$(TARGET_NAME)";
				SWIFT_EMIT_LOC_STRINGS = YES;
				SWIFT_VERSION = 5.0;
				TARGETED_DEVICE_FAMILY = "1,2";
			};
			name = Release;
		};
/* End XCBuildConfiguration section */

/* Begin XCConfigurationList section */
		0A9D4BCC2C37272F0046FADD /* Build configuration list for PBXProject "Hava Drumu" */ = {
			isa = XCConfigurationList;
			buildConfigurations = (
				0A9D4BDD2C3727320046FADD /* Debug */,
				0A9D4BDE2C3727320046FADD /* Release */,
			);
			defaultConfigurationIsVisible = 0;
			defaultConfigurationName = Release;
		};
		0A9D4BDF2C3727320046FADD /* Build configuration list for PBXNativeTarget "WeatherDemo" */ = {
			isa = XCConfigurationList;
			buildConfigurations = (
				0A9D4BE02C3727320046FADD /* Debug */,
				0A9D4BE12C3727320046FADD /* Release */,
			);
			defaultConfigurationIsVisible = 0;
			defaultConfigurationName = Release;
		};
/* End XCConfigurationList section */
	};
	rootObject = 0A9D4BC92C37272F0046FADD /* Project object */;
}
